
Microsoft Visual Studio Solution File, Format Version 12.00
# Visual Studio Version 17
VisualStudioVersion = 17.0.31903.59
MinimumVisualStudioVersion = 10.0.40219.1
Project("{2150E333-8FDC-42A3-9474-1A3956D46DE8}") = "src", "src", "{E22D5B87-95A1-44B2-92FC-979FD9FD4E53}"
EndProject
Project("{FAE04EC0-301F-11D3-BF4B-00C04F79EFBC}") = "AuctionService", "src\AuctionService\AuctionService.csproj", "{8277CDCE-0B7C-4EC9-BA89-1C5125FF0135}"
EndProject
Project("{FAE04EC0-301F-11D3-BF4B-00C04F79EFBC}") = "SearchService", "src\SearchService\SearchService.csproj", "{483DA882-BB15-40CC-BAFF-FCB2DC3030EF}"
EndProject
Project("{FAE04EC0-301F-11D3-BF4B-00C04F79EFBC}") = "Contracts", "src\Contracts\Contracts.csproj", "{1D624A37-D2BD-4483-BD66-69B243827BA3}"
EndProject
Project("{FAE04EC0-301F-11D3-BF4B-00C04F79EFBC}") = "IdentityService", "src\IdentityService\IdentityService.csproj", "{4F167D5E-C187-4B4D-9B44-D6F742180459}"
EndProject
Project("{FAE04EC0-301F-11D3-BF4B-00C04F79EFBC}") = "GatewayService", "src\GatewayService\GatewayService.csproj", "{D384EC2A-4B2B-4164-8D56-9A702C5E0EE7}"
EndProject
Project("{FAE04EC0-301F-11D3-BF4B-00C04F79EFBC}") = "BiddingService", "src\BiddingService\BiddingService.csproj", "{AF4DA931-72A5-4F88-801B-87FA43E0010E}"
EndProject
Global
	GlobalSection(SolutionConfigurationPlatforms) = preSolution
		Debug|Any CPU = Debug|Any CPU
		Release|Any CPU = Release|Any CPU
	EndGlobalSection
	GlobalSection(SolutionProperties) = preSolution
		HideSolutionNode = FALSE
	EndGlobalSection
	GlobalSection(ProjectConfigurationPlatforms) = postSolution
		{8277CDCE-0B7C-4EC9-BA89-1C5125FF0135}.Debug|Any CPU.ActiveCfg = Debug|Any CPU
		{8277CDCE-0B7C-4EC9-BA89-1C5125FF0135}.Debug|Any CPU.Build.0 = Debug|Any CPU
		{8277CDCE-0B7C-4EC9-BA89-1C5125FF0135}.Release|Any CPU.ActiveCfg = Release|Any CPU
		{8277CDCE-0B7C-4EC9-BA89-1C5125FF0135}.Release|Any CPU.Build.0 = Release|Any CPU
		{483DA882-BB15-40CC-BAFF-FCB2DC3030EF}.Debug|Any CPU.ActiveCfg = Debug|Any CPU
		{483DA882-BB15-40CC-BAFF-FCB2DC3030EF}.Debug|Any CPU.Build.0 = Debug|Any CPU
		{483DA882-BB15-40CC-BAFF-FCB2DC3030EF}.Release|Any CPU.ActiveCfg = Release|Any CPU
		{483DA882-BB15-40CC-BAFF-FCB2DC3030EF}.Release|Any CPU.Build.0 = Release|Any CPU
		{1D624A37-D2BD-4483-BD66-69B243827BA3}.Debug|Any CPU.ActiveCfg = Debug|Any CPU
		{1D624A37-D2BD-4483-BD66-69B243827BA3}.Debug|Any CPU.Build.0 = Debug|Any CPU
		{1D624A37-D2BD-4483-BD66-69B243827BA3}.Release|Any CPU.ActiveCfg = Release|Any CPU
		{1D624A37-D2BD-4483-BD66-69B243827BA3}.Release|Any CPU.Build.0 = Release|Any CPU
		{4F167D5E-C187-4B4D-9B44-D6F742180459}.Debug|Any CPU.ActiveCfg = Debug|Any CPU
		{4F167D5E-C187-4B4D-9B44-D6F742180459}.Debug|Any CPU.Build.0 = Debug|Any CPU
		{4F167D5E-C187-4B4D-9B44-D6F742180459}.Release|Any CPU.ActiveCfg = Release|Any CPU
		{4F167D5E-C187-4B4D-9B44-D6F742180459}.Release|Any CPU.Build.0 = Release|Any CPU
		{D384EC2A-4B2B-4164-8D56-9A702C5E0EE7}.Debug|Any CPU.ActiveCfg = Debug|Any CPU
		{D384EC2A-4B2B-4164-8D56-9A702C5E0EE7}.Debug|Any CPU.Build.0 = Debug|Any CPU
		{D384EC2A-4B2B-4164-8D56-9A702C5E0EE7}.Release|Any CPU.ActiveCfg = Release|Any CPU
		{D384EC2A-4B2B-4164-8D56-9A702C5E0EE7}.Release|Any CPU.Build.0 = Release|Any CPU
		{AF4DA931-72A5-4F88-801B-87FA43E0010E}.Debug|Any CPU.ActiveCfg = Debug|Any CPU
		{AF4DA931-72A5-4F88-801B-87FA43E0010E}.Debug|Any CPU.Build.0 = Debug|Any CPU
		{AF4DA931-72A5-4F88-801B-87FA43E0010E}.Release|Any CPU.ActiveCfg = Release|Any CPU
		{AF4DA931-72A5-4F88-801B-87FA43E0010E}.Release|Any CPU.Build.0 = Release|Any CPU
	EndGlobalSection
	GlobalSection(NestedProjects) = preSolution
		{8277CDCE-0B7C-4EC9-BA89-1C5125FF0135} = {E22D5B87-95A1-44B2-92FC-979FD9FD4E53}
		{483DA882-BB15-40CC-BAFF-FCB2DC3030EF} = {E22D5B87-95A1-44B2-92FC-979FD9FD4E53}
		{1D624A37-D2BD-4483-BD66-69B243827BA3} = {E22D5B87-95A1-44B2-92FC-979FD9FD4E53}
		{4F167D5E-C187-4B4D-9B44-D6F742180459} = {E22D5B87-95A1-44B2-92FC-979FD9FD4E53}
		{D384EC2A-4B2B-4164-8D56-9A702C5E0EE7} = {E22D5B87-95A1-44B2-92FC-979FD9FD4E53}
		{AF4DA931-72A5-4F88-801B-87FA43E0010E} = {E22D5B87-95A1-44B2-92FC-979FD9FD4E53}
	EndGlobalSection
EndGlobal
