
Microsoft Visual Studio Solution File, Format Version 12.00
# Visual Studio Version 17
VisualStudioVersion = 17.0.31903.59
MinimumVisualStudioVersion = 10.0.40219.1
Project("{2150E333-8FDC-42A3-9474-1A3956D46DE8}") = "src", "src", "{E22D5B87-95A1-44B2-92FC-979FD9FD4E53}"
EndProject
Project("{FAE04EC0-301F-11D3-BF4B-00C04F79EFBC}") = "AuctionService", "src\AuctionService\AuctionService.csproj", "{8277CDCE-0B7C-4EC9-BA89-1C5125FF0135}"
EndProject
Project("{FAE04EC0-301F-11D3-BF4B-00C04F79EFBC}") = "SearchService", "src\SearchService\SearchService.csproj", "{483DA882-BB15-40CC-BAFF-FCB2DC3030EF}"
EndProject
Global
	GlobalSection(SolutionConfigurationPlatforms) = preSolution
		Debug|Any CPU = Debug|Any CPU
		Release|Any CPU = Release|Any CPU
	EndGlobalSection
	GlobalSection(SolutionProperties) = preSolution
		HideSolutionNode = FALSE
	EndGlobalSection
	GlobalSection(ProjectConfigurationPlatforms) = postSolution
		{8277CDCE-0B7C-4EC9-BA89-1C5125FF0135}.Debug|Any CPU.ActiveCfg = Debug|Any CPU
		{8277CDCE-0B7C-4EC9-BA89-1C5125FF0135}.Debug|Any CPU.Build.0 = Debug|Any CPU
		{8277CDCE-0B7C-4EC9-BA89-1C5125FF0135}.Release|Any CPU.ActiveCfg = Release|Any CPU
		{8277CDCE-0B7C-4EC9-BA89-1C5125FF0135}.Release|Any CPU.Build.0 = Release|Any CPU
		{483DA882-BB15-40CC-BAFF-FCB2DC3030EF}.Debug|Any CPU.ActiveCfg = Debug|Any CPU
		{483DA882-BB15-40CC-BAFF-FCB2DC3030EF}.Debug|Any CPU.Build.0 = Debug|Any CPU
		{483DA882-BB15-40CC-BAFF-FCB2DC3030EF}.Release|Any CPU.ActiveCfg = Release|Any CPU
		{483DA882-BB15-40CC-BAFF-FCB2DC3030EF}.Release|Any CPU.Build.0 = Release|Any CPU
	EndGlobalSection
	GlobalSection(NestedProjects) = preSolution
		{8277CDCE-0B7C-4EC9-BA89-1C5125FF0135} = {E22D5B87-95A1-44B2-92FC-979FD9FD4E53}
		{483DA882-BB15-40CC-BAFF-FCB2DC3030EF} = {E22D5B87-95A1-44B2-92FC-979FD9FD4E53}
	EndGlobalSection
EndGlobal
